
Microsoft Visual Studio Solution File, Format Version 12.00
# Visual Studio Version 17
VisualStudioVersion = 17.9.34714.143
MinimumVisualStudioVersion = 10.0.40219.1
Project("{FAE04EC0-301F-11D3-BF4B-00C04F79EFBC}") = "лаба 2", "лаба 2\лаба 2.csproj", "{4FE55EA9-4FA8-40EC-9B71-ACAC5D38C58E}"
EndProject
Global
	GlobalSection(SolutionConfigurationPlatforms) = preSolution
		Debug|Any CPU = Debug|Any CPU
		Release|Any CPU = Release|Any CPU
	EndGlobalSection
	GlobalSection(ProjectConfigurationPlatforms) = postSolution
		{4FE55EA9-4FA8-40EC-9B71-ACAC5D38C58E}.Debug|Any CPU.ActiveCfg = Debug|Any CPU
		{4FE55EA9-4FA8-40EC-9B71-ACAC5D38C58E}.Debug|Any CPU.Build.0 = Debug|Any CPU
		{4FE55EA9-4FA8-40EC-9B71-ACAC5D38C58E}.Release|Any CPU.ActiveCfg = Release|Any CPU
		{4FE55EA9-4FA8-40EC-9B71-ACAC5D38C58E}.Release|Any CPU.Build.0 = Release|Any CPU
	EndGlobalSection
	GlobalSection(SolutionProperties) = preSolution
		HideSolutionNode = FALSE
	EndGlobalSection
	GlobalSection(ExtensibilityGlobals) = postSolution
		SolutionGuid = {C051522C-6B3E-47D6-8BB9-C5BB096494E2}
	EndGlobalSection
EndGlobal
